
Microsoft Visual Studio Solution File, Format Version 12.00
# Visual Studio Version 17
VisualStudioVersion = 17.2.32630.192
MinimumVisualStudioVersion = 10.0.40219.1
Project("{9A19103F-16F7-4668-BE54-9A1E7A4F7556}") = "DragonFight", "DragonFight.csproj", "{0B466E14-9BC1-4C55-985F-3B9DFA98DAD8}"
EndProject
Global
	GlobalSection(SolutionConfigurationPlatforms) = preSolution
		Debug|Any CPU = Debug|Any CPU
		Release|Any CPU = Release|Any CPU
	EndGlobalSection
	GlobalSection(ProjectConfigurationPlatforms) = postSolution
		{0B466E14-9BC1-4C55-985F-3B9DFA98DAD8}.Debug|Any CPU.ActiveCfg = Debug|Any CPU
		{0B466E14-9BC1-4C55-985F-3B9DFA98DAD8}.Debug|Any CPU.Build.0 = Debug|Any CPU
		{0B466E14-9BC1-4C55-985F-3B9DFA98DAD8}.Release|Any CPU.ActiveCfg = Release|Any CPU
		{0B466E14-9BC1-4C55-985F-3B9DFA98DAD8}.Release|Any CPU.Build.0 = Release|Any CPU
	EndGlobalSection
	GlobalSection(SolutionProperties) = preSolution
		HideSolutionNode = FALSE
	EndGlobalSection
	GlobalSection(ExtensibilityGlobals) = postSolution
		SolutionGuid = {ACB3F53C-EF7E-4702-8E62-72D823A7D7D5}
	EndGlobalSection
EndGlobal
